<?xml version="1.0" encoding="utf-8"?>
<Project ToolsVersion="4.0" xmlns="http://schemas.microsoft.com/developer/msbuild/2003">
  <ItemGroup>
    <Filter Include="win32">
      <UniqueIdentifier>{84a8ebd7-7cf0-47f6-b75e-d441df67da40}</UniqueIdentifier>
    </Filter>
    <Filter Include="resource">
      <UniqueIdentifier>{715254bc-d70b-4ec5-bf29-467dd3ace079}</UniqueIdentifier>
    </Filter>
    <Filter Include="src">
      <UniqueIdentifier>{bb6c862e-70e9-49d9-81b7-3829a6f50471}</UniqueIdentifier>
    </Filter>
    <Filter Include="src\json">
      <UniqueIdentifier>{6f2ed9ba-35e9-47c6-bb04-36fd952f92ed}</UniqueIdentifier>
    </Filter>
  </ItemGroup>
  <ItemGroup>
    <ClCompile Include="main.cpp">
      <Filter>win32</Filter>
    </ClCompile>
    <ClCompile Include="..\Classes\AppDelegate.cpp">
      <Filter>src</Filter>
    </ClCompile>
    <ClCompile Include="..\Classes\HelloWorldScene.cpp">
      <Filter>src</Filter>
    </ClCompile>
    <ClCompile Include="..\Classes\Component.cpp">
      <Filter>src</Filter>
    </ClCompile>
    <ClCompile Include="..\Classes\GameManager.cpp">
      <Filter>src</Filter>
    </ClCompile>
    <ClCompile Include="..\Classes\Assemble.cpp">
      <Filter>src</Filter>
    </ClCompile>
    <ClCompile Include="..\Classes\Desk.cpp">
      <Filter>src</Filter>
    </ClCompile>
    <ClCompile Include="..\Classes\AssembleMenu.cpp">
      <Filter>src</Filter>
    </ClCompile>
    <ClCompile Include="..\Classes\jsoncpp\src\lib_json\json_reader.cpp">
      <Filter>src\json</Filter>
    </ClCompile>
    <ClCompile Include="..\Classes\jsoncpp\src\lib_json\json_value.cpp">
      <Filter>src\json</Filter>
    </ClCompile>
    <ClCompile Include="..\Classes\jsoncpp\src\lib_json\json_writer.cpp">
      <Filter>src\json</Filter>
    </ClCompile>
    <ClCompile Include="..\Classes\ScrollViewLayer.cpp">
      <Filter>src</Filter>
    </ClCompile>
    <ClCompile Include="..\Classes\Room.cpp">
      <Filter>src</Filter>
    </ClCompile>
    <ClCompile Include="..\Classes\Guest.cpp">
      <Filter>src</Filter>
    </ClCompile>
    <ClCompile Include="..\Classes\Chat.cpp">
      <Filter>src</Filter>
    </ClCompile>
    <ClCompile Include="..\Classes\Explain.cpp">
      <Filter>src</Filter>
    </ClCompile>
    <ClCompile Include="..\Classes\UILayer.cpp">
      <Filter>src</Filter>
    </ClCompile>
    <ClCompile Include="..\Classes\SoundManager.cpp">
      <Filter>src</Filter>
    </ClCompile>
    <ClCompile Include="..\Classes\Intro.cpp">
      <Filter>src</Filter>
    </ClCompile>
    <ClCompile Include="..\Classes\Title.cpp">
      <Filter>src</Filter>
    </ClCompile>
    <ClCompile Include="..\Classes\Clean.cpp">
      <Filter>src</Filter>
    </ClCompile>
    <ClCompile Include="..\Classes\Reassemble.cpp">
      <Filter>src</Filter>
    </ClCompile>
    <ClCompile Include="..\Classes\Ending.cpp">
      <Filter>src</Filter>
    </ClCompile>
    <ClCompile Include="..\Classes\Quiz.cpp">
      <Filter>src</Filter>
    </ClCompile>
  </ItemGroup>
  <ItemGroup>
    <ClInclude Include="main.h">
      <Filter>win32</Filter>
    </ClInclude>
    <ClInclude Include="..\Classes\AppDelegate.h">
      <Filter>src</Filter>
    </ClInclude>
    <ClInclude Include="..\Classes\HelloWorldScene.h">
      <Filter>src</Filter>
    </ClInclude>
    <ClInclude Include="..\Classes\Component.h">
      <Filter>src</Filter>
    </ClInclude>
    <ClInclude Include="..\Classes\Desk.h">
      <Filter>src</Filter>
    </ClInclude>
    <ClInclude Include="..\Classes\GameManager.h">
      <Filter>src</Filter>
    </ClInclude>
    <ClInclude Include="..\Classes\Assemble.h">
      <Filter>src</Filter>
    </ClInclude>
    <ClInclude Include="..\Classes\AssembleMenu.h">
      <Filter>src</Filter>
    </ClInclude>
    <ClInclude Include="..\Classes\jsoncpp\include\json\assertions.h">
      <Filter>src\json</Filter>
    </ClInclude>
    <ClInclude Include="..\Classes\jsoncpp\include\json\autolink.h">
      <Filter>src\json</Filter>
    </ClInclude>
    <ClInclude Include="..\Classes\jsoncpp\include\json\config.h">
      <Filter>src\json</Filter>
    </ClInclude>
    <ClInclude Include="..\Classes\jsoncpp\include\json\features.h">
      <Filter>src\json</Filter>
    </ClInclude>
    <ClInclude Include="..\Classes\jsoncpp\include\json\forwards.h">
      <Filter>src\json</Filter>
    </ClInclude>
    <ClInclude Include="..\Classes\jsoncpp\include\json\json.h">
      <Filter>src\json</Filter>
    </ClInclude>
    <ClInclude Include="..\Classes\jsoncpp\include\json\reader.h">
      <Filter>src\json</Filter>
    </ClInclude>
    <ClInclude Include="..\Classes\jsoncpp\include\json\value.h">
      <Filter>src\json</Filter>
    </ClInclude>
    <ClInclude Include="..\Classes\jsoncpp\include\json\version.h">
      <Filter>src\json</Filter>
    </ClInclude>
    <ClInclude Include="..\Classes\jsoncpp\include\json\writer.h">
      <Filter>src\json</Filter>
    </ClInclude>
    <ClInclude Include="..\Classes\jsoncpp\src\lib_json\json_batchallocator.h">
      <Filter>src\json</Filter>
    </ClInclude>
    <ClInclude Include="..\Classes\jsoncpp\src\lib_json\json_tool.h">
      <Filter>src\json</Filter>
    </ClInclude>
    <ClInclude Include="..\Classes\ScrollViewLayer.h">
      <Filter>src</Filter>
    </ClInclude>
    <ClInclude Include="..\Classes\Room.h">
      <Filter>src</Filter>
    </ClInclude>
    <ClInclude Include="..\Classes\Guest.h">
      <Filter>src</Filter>
    </ClInclude>
    <ClInclude Include="..\Classes\Chat.h">
      <Filter>src</Filter>
    </ClInclude>
    <ClInclude Include="..\Classes\Explain.h">
      <Filter>src</Filter>
    </ClInclude>
    <ClInclude Include="..\Classes\UILayer.h">
      <Filter>src</Filter>
    </ClInclude>
    <ClInclude Include="..\Classes\SoundManager.h">
      <Filter>src</Filter>
    </ClInclude>
    <ClInclude Include="..\Classes\Intro.h">
      <Filter>src</Filter>
    </ClInclude>
    <ClInclude Include="..\Classes\Title.h">
      <Filter>src</Filter>
    </ClInclude>
    <ClInclude Include="..\Classes\Clean.h">
      <Filter>src</Filter>
    </ClInclude>
    <ClInclude Include="..\Classes\Reassemble.h">
      <Filter>src</Filter>
    </ClInclude>
    <ClInclude Include="..\Classes\Ending.h">
      <Filter>src</Filter>
    </ClInclude>
    <ClInclude Include="..\Classes\Quiz.h">
      <Filter>src</Filter>
    </ClInclude>
  </ItemGroup>
  <ItemGroup>
    <ResourceCompile Include="game.rc">
      <Filter>resource</Filter>
    </ResourceCompile>
  </ItemGroup>
  <ItemGroup>
    <None Include="..\Classes\jsoncpp\src\lib_json\json_internalarray.inl">
      <Filter>src\json</Filter>
    </None>
    <None Include="..\Classes\jsoncpp\src\lib_json\json_internalmap.inl">
      <Filter>src\json</Filter>
    </None>
    <None Include="..\Classes\jsoncpp\src\lib_json\json_valueiterator.inl">
      <Filter>src\json</Filter>
    </None>
  </ItemGroup>
</Project>